
Microsoft Visual Studio Solution File, Format Version 12.00
# Visual Studio Version 17
VisualStudioVersion = 17.5.002.0
MinimumVisualStudioVersion = 10.0.40219.1
Project("{9A19103F-16F7-4668-BE54-9A1E7A4F7556}") = "Assignment 2", "Assignment 2\Assignment 2.csproj", "{9C6B1C00-25AD-4B0C-8247-A48D1B8E075F}"
EndProject
Project("{FAE04EC0-301F-11D3-BF4B-00C04F79EFBC}") = "Assignment3", "Assignment3\Assignment3.csproj", "{49AC54D3-3D2C-4FD7-93D9-46AAE331B931}"
EndProject
Project("{FAE04EC0-301F-11D3-BF4B-00C04F79EFBC}") = "Midterm", "Midterm\Midterm.csproj", "{C4EC4FCC-E314-4DA7-9C4C-CD0FAEA410C2}"
EndProject
Project("{2150E333-8FDC-42A3-9474-1A3956D46DE8}") = "Lab4", "Lab4", "{946EF22B-7CB8-41F9-9C79-DA31B36C9055}"
EndProject
Project("{2150E333-8FDC-42A3-9474-1A3956D46DE8}") = "Lab4.Objects", "Lab4.Objects", "{19050EF8-BBE6-4FC9-915D-DFA9ACCF79A7}"
EndProject
Project("{FAE04EC0-301F-11D3-BF4B-00C04F79EFBC}") = "Lab4Objects", "Lab4\Lab4.Objects\Lab4Objects\Lab4Objects.csproj", "{FF554EBF-D4DE-47E8-9720-DC4BECCAF1DC}"
EndProject
Project("{2150E333-8FDC-42A3-9474-1A3956D46DE8}") = "Lab4.Web", "Lab4.Web", "{2CF6F2AA-E90A-4763-A2E5-441A1E6CB0DB}"
EndProject
Project("{FAE04EC0-301F-11D3-BF4B-00C04F79EFBC}") = "Lab4Web", "Lab4\Lab4.Web\Lab4Web\Lab4Web.csproj", "{B958B2D6-B88B-4BBE-AA29-D89A416F4915}"
EndProject
Project("{2150E333-8FDC-42A3-9474-1A3956D46DE8}") = "Lab5", "Lab5", "{AE050D8E-B5A6-4D76-8A4F-74CE2D339C19}"
EndProject
Project("{FAE04EC0-301F-11D3-BF4B-00C04F79EFBC}") = "Validation", "Lab5\Validation\Validation.csproj", "{E3A12AF4-E577-444D-9E4D-DA62F3898003}"
EndProject
Project("{FAE04EC0-301F-11D3-BF4B-00C04F79EFBC}") = "Lab6", "Lab6\Lab6.csproj", "{2B76F21E-5901-4216-98C7-1F265E9C9CCE}"
EndProject
Project("{FAE04EC0-301F-11D3-BF4B-00C04F79EFBC}") = "Lab8", "Lab8\Lab8.csproj", "{D29D09AB-DDA1-49B5-8D1E-CA1FE864666C}"
EndProject
Global
	GlobalSection(SolutionConfigurationPlatforms) = preSolution
		Debug|Any CPU = Debug|Any CPU
		Release|Any CPU = Release|Any CPU
	EndGlobalSection
	GlobalSection(ProjectConfigurationPlatforms) = postSolution
		{9C6B1C00-25AD-4B0C-8247-A48D1B8E075F}.Debug|Any CPU.ActiveCfg = Debug|Any CPU
		{9C6B1C00-25AD-4B0C-8247-A48D1B8E075F}.Debug|Any CPU.Build.0 = Debug|Any CPU
		{9C6B1C00-25AD-4B0C-8247-A48D1B8E075F}.Release|Any CPU.ActiveCfg = Release|Any CPU
		{9C6B1C00-25AD-4B0C-8247-A48D1B8E075F}.Release|Any CPU.Build.0 = Release|Any CPU
		{49AC54D3-3D2C-4FD7-93D9-46AAE331B931}.Debug|Any CPU.ActiveCfg = Debug|Any CPU
		{49AC54D3-3D2C-4FD7-93D9-46AAE331B931}.Debug|Any CPU.Build.0 = Debug|Any CPU
		{49AC54D3-3D2C-4FD7-93D9-46AAE331B931}.Release|Any CPU.ActiveCfg = Release|Any CPU
		{49AC54D3-3D2C-4FD7-93D9-46AAE331B931}.Release|Any CPU.Build.0 = Release|Any CPU
		{C4EC4FCC-E314-4DA7-9C4C-CD0FAEA410C2}.Debug|Any CPU.ActiveCfg = Debug|Any CPU
		{C4EC4FCC-E314-4DA7-9C4C-CD0FAEA410C2}.Debug|Any CPU.Build.0 = Debug|Any CPU
		{C4EC4FCC-E314-4DA7-9C4C-CD0FAEA410C2}.Release|Any CPU.ActiveCfg = Release|Any CPU
		{C4EC4FCC-E314-4DA7-9C4C-CD0FAEA410C2}.Release|Any CPU.Build.0 = Release|Any CPU
		{FF554EBF-D4DE-47E8-9720-DC4BECCAF1DC}.Debug|Any CPU.ActiveCfg = Debug|Any CPU
		{FF554EBF-D4DE-47E8-9720-DC4BECCAF1DC}.Debug|Any CPU.Build.0 = Debug|Any CPU
		{FF554EBF-D4DE-47E8-9720-DC4BECCAF1DC}.Release|Any CPU.ActiveCfg = Release|Any CPU
		{FF554EBF-D4DE-47E8-9720-DC4BECCAF1DC}.Release|Any CPU.Build.0 = Release|Any CPU
		{B958B2D6-B88B-4BBE-AA29-D89A416F4915}.Debug|Any CPU.ActiveCfg = Debug|Any CPU
		{B958B2D6-B88B-4BBE-AA29-D89A416F4915}.Debug|Any CPU.Build.0 = Debug|Any CPU
		{B958B2D6-B88B-4BBE-AA29-D89A416F4915}.Release|Any CPU.ActiveCfg = Release|Any CPU
		{B958B2D6-B88B-4BBE-AA29-D89A416F4915}.Release|Any CPU.Build.0 = Release|Any CPU
		{E3A12AF4-E577-444D-9E4D-DA62F3898003}.Debug|Any CPU.ActiveCfg = Debug|Any CPU
		{E3A12AF4-E577-444D-9E4D-DA62F3898003}.Debug|Any CPU.Build.0 = Debug|Any CPU
		{E3A12AF4-E577-444D-9E4D-DA62F3898003}.Release|Any CPU.ActiveCfg = Release|Any CPU
		{E3A12AF4-E577-444D-9E4D-DA62F3898003}.Release|Any CPU.Build.0 = Release|Any CPU
		{2B76F21E-5901-4216-98C7-1F265E9C9CCE}.Debug|Any CPU.ActiveCfg = Debug|Any CPU
		{2B76F21E-5901-4216-98C7-1F265E9C9CCE}.Debug|Any CPU.Build.0 = Debug|Any CPU
		{2B76F21E-5901-4216-98C7-1F265E9C9CCE}.Release|Any CPU.ActiveCfg = Release|Any CPU
		{2B76F21E-5901-4216-98C7-1F265E9C9CCE}.Release|Any CPU.Build.0 = Release|Any CPU
		{D29D09AB-DDA1-49B5-8D1E-CA1FE864666C}.Debug|Any CPU.ActiveCfg = Debug|Any CPU
		{D29D09AB-DDA1-49B5-8D1E-CA1FE864666C}.Debug|Any CPU.Build.0 = Debug|Any CPU
		{D29D09AB-DDA1-49B5-8D1E-CA1FE864666C}.Release|Any CPU.ActiveCfg = Release|Any CPU
		{D29D09AB-DDA1-49B5-8D1E-CA1FE864666C}.Release|Any CPU.Build.0 = Release|Any CPU
	EndGlobalSection
	GlobalSection(SolutionProperties) = preSolution
		HideSolutionNode = FALSE
	EndGlobalSection
	GlobalSection(ExtensibilityGlobals) = postSolution
		SolutionGuid = {992823A1-7AD8-466D-9B59-C52FCBEAF15B}
	EndGlobalSection
	GlobalSection(NestedProjects) = preSolution
		{19050EF8-BBE6-4FC9-915D-DFA9ACCF79A7} = {946EF22B-7CB8-41F9-9C79-DA31B36C9055}
		{FF554EBF-D4DE-47E8-9720-DC4BECCAF1DC} = {19050EF8-BBE6-4FC9-915D-DFA9ACCF79A7}
		{2CF6F2AA-E90A-4763-A2E5-441A1E6CB0DB} = {946EF22B-7CB8-41F9-9C79-DA31B36C9055}
		{B958B2D6-B88B-4BBE-AA29-D89A416F4915} = {2CF6F2AA-E90A-4763-A2E5-441A1E6CB0DB}
		{E3A12AF4-E577-444D-9E4D-DA62F3898003} = {AE050D8E-B5A6-4D76-8A4F-74CE2D339C19}
	EndGlobalSection
EndGlobal
